
Microsoft Visual Studio Solution File, Format Version 12.00
# Visual Studio 14
VisualStudioVersion = 14.0.25420.1
MinimumVisualStudioVersion = 10.0.40219.1
Project("{FAE04EC0-301F-11D3-BF4B-00C04F79EFBC}") = "liveswipe.Droid", "liveswipe\liveswipe.Droid\liveswipe.Droid.csproj", "{562A6C76-A6CF-47DC-9EDA-DA9C2602BC33}"
EndProject
Project("{FAE04EC0-301F-11D3-BF4B-00C04F79EFBC}") = "liveswipe.iOS", "liveswipe\liveswipe.iOS\liveswipe.iOS.csproj", "{F3B180E5-0FA8-40E9-9A18-493C4F3CE2A7}"
EndProject
Project("{FAE04EC0-301F-11D3-BF4B-00C04F79EFBC}") = "liveswipe.WinPhone", "liveswipe\liveswipe.WinPhone\liveswipe.WinPhone.csproj", "{D86A88FA-E98E-4F68-9D61-B15093643A37}"
EndProject
Project("{FAE04EC0-301F-11D3-BF4B-00C04F79EFBC}") = "liveswipe.Windows", "liveswipe\liveswipe.Windows\liveswipe.Windows.csproj", "{C0BF32A7-7881-4CF5-86B8-3398E865CB11}"
EndProject
Project("{D954291E-2A0B-460D-934E-DC6B0785DB48}") = "liveswipe", "liveswipe\liveswipe\liveswipe.shproj", "{1198FF63-D0E8-4FDC-99A6-57B970E46875}"
EndProject
Global
	GlobalSection(SharedMSBuildProjectFiles) = preSolution
		liveswipe\liveswipe\liveswipe.projitems*{1198ff63-d0e8-4fdc-99a6-57b970e46875}*SharedItemsImports = 13
		liveswipe\liveswipe\liveswipe.projitems*{562a6c76-a6cf-47dc-9eda-da9c2602bc33}*SharedItemsImports = 4
		liveswipe\liveswipe\liveswipe.projitems*{c0bf32a7-7881-4cf5-86b8-3398e865cb11}*SharedItemsImports = 4
		liveswipe\liveswipe\liveswipe.projitems*{d86a88fa-e98e-4f68-9d61-b15093643a37}*SharedItemsImports = 4
		liveswipe\liveswipe\liveswipe.projitems*{f3b180e5-0fa8-40e9-9a18-493c4f3ce2a7}*SharedItemsImports = 4
	EndGlobalSection
	GlobalSection(SolutionConfigurationPlatforms) = preSolution
		Ad-Hoc|Any CPU = Ad-Hoc|Any CPU
		Ad-Hoc|ARM = Ad-Hoc|ARM
		Ad-Hoc|iPhone = Ad-Hoc|iPhone
		Ad-Hoc|iPhoneSimulator = Ad-Hoc|iPhoneSimulator
		Ad-Hoc|x64 = Ad-Hoc|x64
		Ad-Hoc|x86 = Ad-Hoc|x86
		AppStore|Any CPU = AppStore|Any CPU
		AppStore|ARM = AppStore|ARM
		AppStore|iPhone = AppStore|iPhone
		AppStore|iPhoneSimulator = AppStore|iPhoneSimulator
		AppStore|x64 = AppStore|x64
		AppStore|x86 = AppStore|x86
		Debug|Any CPU = Debug|Any CPU
		Debug|ARM = Debug|ARM
		Debug|iPhone = Debug|iPhone
		Debug|iPhoneSimulator = Debug|iPhoneSimulator
		Debug|x64 = Debug|x64
		Debug|x86 = Debug|x86
		Release|Any CPU = Release|Any CPU
		Release|ARM = Release|ARM
		Release|iPhone = Release|iPhone
		Release|iPhoneSimulator = Release|iPhoneSimulator
		Release|x64 = Release|x64
		Release|x86 = Release|x86
	EndGlobalSection
	GlobalSection(ProjectConfigurationPlatforms) = postSolution
		{562A6C76-A6CF-47DC-9EDA-DA9C2602BC33}.Ad-Hoc|Any CPU.ActiveCfg = Release|Any CPU
		{562A6C76-A6CF-47DC-9EDA-DA9C2602BC33}.Ad-Hoc|Any CPU.Build.0 = Release|Any CPU
		{562A6C76-A6CF-47DC-9EDA-DA9C2602BC33}.Ad-Hoc|Any CPU.Deploy.0 = Release|Any CPU
		{562A6C76-A6CF-47DC-9EDA-DA9C2602BC33}.Ad-Hoc|ARM.ActiveCfg = Release|Any CPU
		{562A6C76-A6CF-47DC-9EDA-DA9C2602BC33}.Ad-Hoc|ARM.Build.0 = Release|Any CPU
		{562A6C76-A6CF-47DC-9EDA-DA9C2602BC33}.Ad-Hoc|ARM.Deploy.0 = Release|Any CPU
		{562A6C76-A6CF-47DC-9EDA-DA9C2602BC33}.Ad-Hoc|iPhone.ActiveCfg = Release|Any CPU
		{562A6C76-A6CF-47DC-9EDA-DA9C2602BC33}.Ad-Hoc|iPhone.Build.0 = Release|Any CPU
		{562A6C76-A6CF-47DC-9EDA-DA9C2602BC33}.Ad-Hoc|iPhone.Deploy.0 = Release|Any CPU
		{562A6C76-A6CF-47DC-9EDA-DA9C2602BC33}.Ad-Hoc|iPhoneSimulator.ActiveCfg = Release|Any CPU
		{562A6C76-A6CF-47DC-9EDA-DA9C2602BC33}.Ad-Hoc|iPhoneSimulator.Build.0 = Release|Any CPU
		{562A6C76-A6CF-47DC-9EDA-DA9C2602BC33}.Ad-Hoc|iPhoneSimulator.Deploy.0 = Release|Any CPU
		{562A6C76-A6CF-47DC-9EDA-DA9C2602BC33}.Ad-Hoc|x64.ActiveCfg = Release|Any CPU
		{562A6C76-A6CF-47DC-9EDA-DA9C2602BC33}.Ad-Hoc|x64.Build.0 = Release|Any CPU
		{562A6C76-A6CF-47DC-9EDA-DA9C2602BC33}.Ad-Hoc|x64.Deploy.0 = Release|Any CPU
		{562A6C76-A6CF-47DC-9EDA-DA9C2602BC33}.Ad-Hoc|x86.ActiveCfg = Release|Any CPU
		{562A6C76-A6CF-47DC-9EDA-DA9C2602BC33}.Ad-Hoc|x86.Build.0 = Release|Any CPU
		{562A6C76-A6CF-47DC-9EDA-DA9C2602BC33}.Ad-Hoc|x86.Deploy.0 = Release|Any CPU
		{562A6C76-A6CF-47DC-9EDA-DA9C2602BC33}.AppStore|Any CPU.ActiveCfg = Release|Any CPU
		{562A6C76-A6CF-47DC-9EDA-DA9C2602BC33}.AppStore|Any CPU.Build.0 = Release|Any CPU
		{562A6C76-A6CF-47DC-9EDA-DA9C2602BC33}.AppStore|Any CPU.Deploy.0 = Release|Any CPU
		{562A6C76-A6CF-47DC-9EDA-DA9C2602BC33}.AppStore|ARM.ActiveCfg = Release|Any CPU
		{562A6C76-A6CF-47DC-9EDA-DA9C2602BC33}.AppStore|ARM.Build.0 = Release|Any CPU
		{562A6C76-A6CF-47DC-9EDA-DA9C2602BC33}.AppStore|ARM.Deploy.0 = Release|Any CPU
		{562A6C76-A6CF-47DC-9EDA-DA9C2602BC33}.AppStore|iPhone.ActiveCfg = Release|Any CPU
		{562A6C76-A6CF-47DC-9EDA-DA9C2602BC33}.AppStore|iPhone.Build.0 = Release|Any CPU
		{562A6C76-A6CF-47DC-9EDA-DA9C2602BC33}.AppStore|iPhone.Deploy.0 = Release|Any CPU
		{562A6C76-A6CF-47DC-9EDA-DA9C2602BC33}.AppStore|iPhoneSimulator.ActiveCfg = Release|Any CPU
		{562A6C76-A6CF-47DC-9EDA-DA9C2602BC33}.AppStore|iPhoneSimulator.Build.0 = Release|Any CPU
		{562A6C76-A6CF-47DC-9EDA-DA9C2602BC33}.AppStore|iPhoneSimulator.Deploy.0 = Release|Any CPU
		{562A6C76-A6CF-47DC-9EDA-DA9C2602BC33}.AppStore|x64.ActiveCfg = Release|Any CPU
		{562A6C76-A6CF-47DC-9EDA-DA9C2602BC33}.AppStore|x64.Build.0 = Release|Any CPU
		{562A6C76-A6CF-47DC-9EDA-DA9C2602BC33}.AppStore|x64.Deploy.0 = Release|Any CPU
		{562A6C76-A6CF-47DC-9EDA-DA9C2602BC33}.AppStore|x86.ActiveCfg = Release|Any CPU
		{562A6C76-A6CF-47DC-9EDA-DA9C2602BC33}.AppStore|x86.Build.0 = Release|Any CPU
		{562A6C76-A6CF-47DC-9EDA-DA9C2602BC33}.AppStore|x86.Deploy.0 = Release|Any CPU
		{562A6C76-A6CF-47DC-9EDA-DA9C2602BC33}.Debug|Any CPU.ActiveCfg = Debug|Any CPU
		{562A6C76-A6CF-47DC-9EDA-DA9C2602BC33}.Debug|Any CPU.Build.0 = Debug|Any CPU
		{562A6C76-A6CF-47DC-9EDA-DA9C2602BC33}.Debug|Any CPU.Deploy.0 = Debug|Any CPU
		{562A6C76-A6CF-47DC-9EDA-DA9C2602BC33}.Debug|ARM.ActiveCfg = Debug|Any CPU
		{562A6C76-A6CF-47DC-9EDA-DA9C2602BC33}.Debug|ARM.Build.0 = Debug|Any CPU
		{562A6C76-A6CF-47DC-9EDA-DA9C2602BC33}.Debug|ARM.Deploy.0 = Debug|Any CPU
		{562A6C76-A6CF-47DC-9EDA-DA9C2602BC33}.Debug|iPhone.ActiveCfg = Debug|Any CPU
		{562A6C76-A6CF-47DC-9EDA-DA9C2602BC33}.Debug|iPhone.Build.0 = Debug|Any CPU
		{562A6C76-A6CF-47DC-9EDA-DA9C2602BC33}.Debug|iPhone.Deploy.0 = Debug|Any CPU
		{562A6C76-A6CF-47DC-9EDA-DA9C2602BC33}.Debug|iPhoneSimulator.ActiveCfg = Debug|Any CPU
		{562A6C76-A6CF-47DC-9EDA-DA9C2602BC33}.Debug|iPhoneSimulator.Build.0 = Debug|Any CPU
		{562A6C76-A6CF-47DC-9EDA-DA9C2602BC33}.Debug|iPhoneSimulator.Deploy.0 = Debug|Any CPU
		{562A6C76-A6CF-47DC-9EDA-DA9C2602BC33}.Debug|x64.ActiveCfg = Debug|Any CPU
		{562A6C76-A6CF-47DC-9EDA-DA9C2602BC33}.Debug|x64.Build.0 = Debug|Any CPU
		{562A6C76-A6CF-47DC-9EDA-DA9C2602BC33}.Debug|x64.Deploy.0 = Debug|Any CPU
		{562A6C76-A6CF-47DC-9EDA-DA9C2602BC33}.Debug|x86.ActiveCfg = Debug|Any CPU
		{562A6C76-A6CF-47DC-9EDA-DA9C2602BC33}.Debug|x86.Build.0 = Debug|Any CPU
		{562A6C76-A6CF-47DC-9EDA-DA9C2602BC33}.Debug|x86.Deploy.0 = Debug|Any CPU
		{562A6C76-A6CF-47DC-9EDA-DA9C2602BC33}.Release|Any CPU.ActiveCfg = Release|Any CPU
		{562A6C76-A6CF-47DC-9EDA-DA9C2602BC33}.Release|Any CPU.Build.0 = Release|Any CPU
		{562A6C76-A6CF-47DC-9EDA-DA9C2602BC33}.Release|Any CPU.Deploy.0 = Release|Any CPU
		{562A6C76-A6CF-47DC-9EDA-DA9C2602BC33}.Release|ARM.ActiveCfg = Release|Any CPU
		{562A6C76-A6CF-47DC-9EDA-DA9C2602BC33}.Release|ARM.Build.0 = Release|Any CPU
		{562A6C76-A6CF-47DC-9EDA-DA9C2602BC33}.Release|ARM.Deploy.0 = Release|Any CPU
		{562A6C76-A6CF-47DC-9EDA-DA9C2602BC33}.Release|iPhone.ActiveCfg = Release|Any CPU
		{562A6C76-A6CF-47DC-9EDA-DA9C2602BC33}.Release|iPhone.Build.0 = Release|Any CPU
		{562A6C76-A6CF-47DC-9EDA-DA9C2602BC33}.Release|iPhone.Deploy.0 = Release|Any CPU
		{562A6C76-A6CF-47DC-9EDA-DA9C2602BC33}.Release|iPhoneSimulator.ActiveCfg = Release|Any CPU
		{562A6C76-A6CF-47DC-9EDA-DA9C2602BC33}.Release|iPhoneSimulator.Build.0 = Release|Any CPU
		{562A6C76-A6CF-47DC-9EDA-DA9C2602BC33}.Release|iPhoneSimulator.Deploy.0 = Release|Any CPU
		{562A6C76-A6CF-47DC-9EDA-DA9C2602BC33}.Release|x64.ActiveCfg = Release|Any CPU
		{562A6C76-A6CF-47DC-9EDA-DA9C2602BC33}.Release|x64.Build.0 = Release|Any CPU
		{562A6C76-A6CF-47DC-9EDA-DA9C2602BC33}.Release|x64.Deploy.0 = Release|Any CPU
		{562A6C76-A6CF-47DC-9EDA-DA9C2602BC33}.Release|x86.ActiveCfg = Release|Any CPU
		{562A6C76-A6CF-47DC-9EDA-DA9C2602BC33}.Release|x86.Build.0 = Release|Any CPU
		{562A6C76-A6CF-47DC-9EDA-DA9C2602BC33}.Release|x86.Deploy.0 = Release|Any CPU
		{F3B180E5-0FA8-40E9-9A18-493C4F3CE2A7}.Ad-Hoc|Any CPU.ActiveCfg = Ad-Hoc|iPhone
		{F3B180E5-0FA8-40E9-9A18-493C4F3CE2A7}.Ad-Hoc|ARM.ActiveCfg = Ad-Hoc|iPhone
		{F3B180E5-0FA8-40E9-9A18-493C4F3CE2A7}.Ad-Hoc|iPhone.ActiveCfg = Ad-Hoc|iPhone
		{F3B180E5-0FA8-40E9-9A18-493C4F3CE2A7}.Ad-Hoc|iPhone.Build.0 = Ad-Hoc|iPhone
		{F3B180E5-0FA8-40E9-9A18-493C4F3CE2A7}.Ad-Hoc|iPhoneSimulator.ActiveCfg = Ad-Hoc|iPhoneSimulator
		{F3B180E5-0FA8-40E9-9A18-493C4F3CE2A7}.Ad-Hoc|iPhoneSimulator.Build.0 = Ad-Hoc|iPhoneSimulator
		{F3B180E5-0FA8-40E9-9A18-493C4F3CE2A7}.Ad-Hoc|x64.ActiveCfg = Ad-Hoc|iPhone
		{F3B180E5-0FA8-40E9-9A18-493C4F3CE2A7}.Ad-Hoc|x86.ActiveCfg = Ad-Hoc|iPhone
		{F3B180E5-0FA8-40E9-9A18-493C4F3CE2A7}.AppStore|Any CPU.ActiveCfg = AppStore|iPhone
		{F3B180E5-0FA8-40E9-9A18-493C4F3CE2A7}.AppStore|ARM.ActiveCfg = AppStore|iPhone
		{F3B180E5-0FA8-40E9-9A18-493C4F3CE2A7}.AppStore|iPhone.ActiveCfg = AppStore|iPhone
		{F3B180E5-0FA8-40E9-9A18-493C4F3CE2A7}.AppStore|iPhone.Build.0 = AppStore|iPhone
		{F3B180E5-0FA8-40E9-9A18-493C4F3CE2A7}.AppStore|iPhoneSimulator.ActiveCfg = AppStore|iPhoneSimulator
		{F3B180E5-0FA8-40E9-9A18-493C4F3CE2A7}.AppStore|iPhoneSimulator.Build.0 = AppStore|iPhoneSimulator
		{F3B180E5-0FA8-40E9-9A18-493C4F3CE2A7}.AppStore|x64.ActiveCfg = AppStore|iPhone
		{F3B180E5-0FA8-40E9-9A18-493C4F3CE2A7}.AppStore|x86.ActiveCfg = AppStore|iPhone
		{F3B180E5-0FA8-40E9-9A18-493C4F3CE2A7}.Debug|Any CPU.ActiveCfg = Debug|iPhone
		{F3B180E5-0FA8-40E9-9A18-493C4F3CE2A7}.Debug|ARM.ActiveCfg = Debug|iPhone
		{F3B180E5-0FA8-40E9-9A18-493C4F3CE2A7}.Debug|iPhone.ActiveCfg = Debug|iPhone
		{F3B180E5-0FA8-40E9-9A18-493C4F3CE2A7}.Debug|iPhone.Build.0 = Debug|iPhone
		{F3B180E5-0FA8-40E9-9A18-493C4F3CE2A7}.Debug|iPhoneSimulator.ActiveCfg = Debug|iPhoneSimulator
		{F3B180E5-0FA8-40E9-9A18-493C4F3CE2A7}.Debug|iPhoneSimulator.Build.0 = Debug|iPhoneSimulator
		{F3B180E5-0FA8-40E9-9A18-493C4F3CE2A7}.Debug|x64.ActiveCfg = Debug|iPhone
		{F3B180E5-0FA8-40E9-9A18-493C4F3CE2A7}.Debug|x86.ActiveCfg = Debug|iPhone
		{F3B180E5-0FA8-40E9-9A18-493C4F3CE2A7}.Release|Any CPU.ActiveCfg = Release|iPhone
		{F3B180E5-0FA8-40E9-9A18-493C4F3CE2A7}.Release|ARM.ActiveCfg = Release|iPhone
		{F3B180E5-0FA8-40E9-9A18-493C4F3CE2A7}.Release|iPhone.ActiveCfg = Release|iPhone
		{F3B180E5-0FA8-40E9-9A18-493C4F3CE2A7}.Release|iPhone.Build.0 = Release|iPhone
		{F3B180E5-0FA8-40E9-9A18-493C4F3CE2A7}.Release|iPhoneSimulator.ActiveCfg = Release|iPhoneSimulator
		{F3B180E5-0FA8-40E9-9A18-493C4F3CE2A7}.Release|iPhoneSimulator.Build.0 = Release|iPhoneSimulator
		{F3B180E5-0FA8-40E9-9A18-493C4F3CE2A7}.Release|x64.ActiveCfg = Release|iPhone
		{F3B180E5-0FA8-40E9-9A18-493C4F3CE2A7}.Release|x86.ActiveCfg = Release|iPhone
		{D86A88FA-E98E-4F68-9D61-B15093643A37}.Ad-Hoc|Any CPU.ActiveCfg = Release|Any CPU
		{D86A88FA-E98E-4F68-9D61-B15093643A37}.Ad-Hoc|Any CPU.Build.0 = Release|Any CPU
		{D86A88FA-E98E-4F68-9D61-B15093643A37}.Ad-Hoc|Any CPU.Deploy.0 = Release|Any CPU
		{D86A88FA-E98E-4F68-9D61-B15093643A37}.Ad-Hoc|ARM.ActiveCfg = Release|ARM
		{D86A88FA-E98E-4F68-9D61-B15093643A37}.Ad-Hoc|ARM.Build.0 = Release|ARM
		{D86A88FA-E98E-4F68-9D61-B15093643A37}.Ad-Hoc|ARM.Deploy.0 = Release|ARM
		{D86A88FA-E98E-4F68-9D61-B15093643A37}.Ad-Hoc|iPhone.ActiveCfg = Release|Any CPU
		{D86A88FA-E98E-4F68-9D61-B15093643A37}.Ad-Hoc|iPhone.Build.0 = Release|Any CPU
		{D86A88FA-E98E-4F68-9D61-B15093643A37}.Ad-Hoc|iPhone.Deploy.0 = Release|Any CPU
		{D86A88FA-E98E-4F68-9D61-B15093643A37}.Ad-Hoc|iPhoneSimulator.ActiveCfg = Release|Any CPU
		{D86A88FA-E98E-4F68-9D61-B15093643A37}.Ad-Hoc|iPhoneSimulator.Build.0 = Release|Any CPU
		{D86A88FA-E98E-4F68-9D61-B15093643A37}.Ad-Hoc|iPhoneSimulator.Deploy.0 = Release|Any CPU
		{D86A88FA-E98E-4F68-9D61-B15093643A37}.Ad-Hoc|x64.ActiveCfg = Release|Any CPU
		{D86A88FA-E98E-4F68-9D61-B15093643A37}.Ad-Hoc|x64.Build.0 = Release|Any CPU
		{D86A88FA-E98E-4F68-9D61-B15093643A37}.Ad-Hoc|x64.Deploy.0 = Release|Any CPU
		{D86A88FA-E98E-4F68-9D61-B15093643A37}.Ad-Hoc|x86.ActiveCfg = Release|x86
		{D86A88FA-E98E-4F68-9D61-B15093643A37}.Ad-Hoc|x86.Build.0 = Release|x86
		{D86A88FA-E98E-4F68-9D61-B15093643A37}.Ad-Hoc|x86.Deploy.0 = Release|x86
		{D86A88FA-E98E-4F68-9D61-B15093643A37}.AppStore|Any CPU.ActiveCfg = Release|Any CPU
		{D86A88FA-E98E-4F68-9D61-B15093643A37}.AppStore|Any CPU.Build.0 = Release|Any CPU
		{D86A88FA-E98E-4F68-9D61-B15093643A37}.AppStore|Any CPU.Deploy.0 = Release|Any CPU
		{D86A88FA-E98E-4F68-9D61-B15093643A37}.AppStore|ARM.ActiveCfg = Release|ARM
		{D86A88FA-E98E-4F68-9D61-B15093643A37}.AppStore|ARM.Build.0 = Release|ARM
		{D86A88FA-E98E-4F68-9D61-B15093643A37}.AppStore|ARM.Deploy.0 = Release|ARM
		{D86A88FA-E98E-4F68-9D61-B15093643A37}.AppStore|iPhone.ActiveCfg = Release|Any CPU
		{D86A88FA-E98E-4F68-9D61-B15093643A37}.AppStore|iPhone.Build.0 = Release|Any CPU
		{D86A88FA-E98E-4F68-9D61-B15093643A37}.AppStore|iPhone.Deploy.0 = Release|Any CPU
		{D86A88FA-E98E-4F68-9D61-B15093643A37}.AppStore|iPhoneSimulator.ActiveCfg = Release|Any CPU
		{D86A88FA-E98E-4F68-9D61-B15093643A37}.AppStore|iPhoneSimulator.Build.0 = Release|Any CPU
		{D86A88FA-E98E-4F68-9D61-B15093643A37}.AppStore|iPhoneSimulator.Deploy.0 = Release|Any CPU
		{D86A88FA-E98E-4F68-9D61-B15093643A37}.AppStore|x64.ActiveCfg = Release|Any CPU
		{D86A88FA-E98E-4F68-9D61-B15093643A37}.AppStore|x64.Build.0 = Release|Any CPU
		{D86A88FA-E98E-4F68-9D61-B15093643A37}.AppStore|x64.Deploy.0 = Release|Any CPU
		{D86A88FA-E98E-4F68-9D61-B15093643A37}.AppStore|x86.ActiveCfg = Release|x86
		{D86A88FA-E98E-4F68-9D61-B15093643A37}.AppStore|x86.Build.0 = Release|x86
		{D86A88FA-E98E-4F68-9D61-B15093643A37}.AppStore|x86.Deploy.0 = Release|x86
		{D86A88FA-E98E-4F68-9D61-B15093643A37}.Debug|Any CPU.ActiveCfg = Debug|Any CPU
		{D86A88FA-E98E-4F68-9D61-B15093643A37}.Debug|Any CPU.Build.0 = Debug|Any CPU
		{D86A88FA-E98E-4F68-9D61-B15093643A37}.Debug|Any CPU.Deploy.0 = Debug|Any CPU
		{D86A88FA-E98E-4F68-9D61-B15093643A37}.Debug|ARM.ActiveCfg = Debug|ARM
		{D86A88FA-E98E-4F68-9D61-B15093643A37}.Debug|ARM.Build.0 = Debug|ARM
		{D86A88FA-E98E-4F68-9D61-B15093643A37}.Debug|ARM.Deploy.0 = Debug|ARM
		{D86A88FA-E98E-4F68-9D61-B15093643A37}.Debug|iPhone.ActiveCfg = Debug|Any CPU
		{D86A88FA-E98E-4F68-9D61-B15093643A37}.Debug|iPhone.Build.0 = Debug|Any CPU
		{D86A88FA-E98E-4F68-9D61-B15093643A37}.Debug|iPhone.Deploy.0 = Debug|Any CPU
		{D86A88FA-E98E-4F68-9D61-B15093643A37}.Debug|iPhoneSimulator.ActiveCfg = Debug|Any CPU
		{D86A88FA-E98E-4F68-9D61-B15093643A37}.Debug|iPhoneSimulator.Build.0 = Debug|Any CPU
		{D86A88FA-E98E-4F68-9D61-B15093643A37}.Debug|iPhoneSimulator.Deploy.0 = Debug|Any CPU
		{D86A88FA-E98E-4F68-9D61-B15093643A37}.Debug|x64.ActiveCfg = Debug|Any CPU
		{D86A88FA-E98E-4F68-9D61-B15093643A37}.Debug|x64.Build.0 = Debug|Any CPU
		{D86A88FA-E98E-4F68-9D61-B15093643A37}.Debug|x64.Deploy.0 = Debug|Any CPU
		{D86A88FA-E98E-4F68-9D61-B15093643A37}.Debug|x86.ActiveCfg = Debug|x86
		{D86A88FA-E98E-4F68-9D61-B15093643A37}.Debug|x86.Build.0 = Debug|x86
		{D86A88FA-E98E-4F68-9D61-B15093643A37}.Debug|x86.Deploy.0 = Debug|x86
		{D86A88FA-E98E-4F68-9D61-B15093643A37}.Release|Any CPU.ActiveCfg = Release|Any CPU
		{D86A88FA-E98E-4F68-9D61-B15093643A37}.Release|Any CPU.Build.0 = Release|Any CPU
		{D86A88FA-E98E-4F68-9D61-B15093643A37}.Release|Any CPU.Deploy.0 = Release|Any CPU
		{D86A88FA-E98E-4F68-9D61-B15093643A37}.Release|ARM.ActiveCfg = Release|ARM
		{D86A88FA-E98E-4F68-9D61-B15093643A37}.Release|ARM.Build.0 = Release|ARM
		{D86A88FA-E98E-4F68-9D61-B15093643A37}.Release|ARM.Deploy.0 = Release|ARM
		{D86A88FA-E98E-4F68-9D61-B15093643A37}.Release|iPhone.ActiveCfg = Release|Any CPU
		{D86A88FA-E98E-4F68-9D61-B15093643A37}.Release|iPhone.Build.0 = Release|Any CPU
		{D86A88FA-E98E-4F68-9D61-B15093643A37}.Release|iPhone.Deploy.0 = Release|Any CPU
		{D86A88FA-E98E-4F68-9D61-B15093643A37}.Release|iPhoneSimulator.ActiveCfg = Release|Any CPU
		{D86A88FA-E98E-4F68-9D61-B15093643A37}.Release|iPhoneSimulator.Build.0 = Release|Any CPU
		{D86A88FA-E98E-4F68-9D61-B15093643A37}.Release|iPhoneSimulator.Deploy.0 = Release|Any CPU
		{D86A88FA-E98E-4F68-9D61-B15093643A37}.Release|x64.ActiveCfg = Release|Any CPU
		{D86A88FA-E98E-4F68-9D61-B15093643A37}.Release|x64.Build.0 = Release|Any CPU
		{D86A88FA-E98E-4F68-9D61-B15093643A37}.Release|x64.Deploy.0 = Release|Any CPU
		{D86A88FA-E98E-4F68-9D61-B15093643A37}.Release|x86.ActiveCfg = Release|x86
		{D86A88FA-E98E-4F68-9D61-B15093643A37}.Release|x86.Build.0 = Release|x86
		{D86A88FA-E98E-4F68-9D61-B15093643A37}.Release|x86.Deploy.0 = Release|x86
		{C0BF32A7-7881-4CF5-86B8-3398E865CB11}.Ad-Hoc|Any CPU.ActiveCfg = Release|Any CPU
		{C0BF32A7-7881-4CF5-86B8-3398E865CB11}.Ad-Hoc|Any CPU.Build.0 = Release|Any CPU
		{C0BF32A7-7881-4CF5-86B8-3398E865CB11}.Ad-Hoc|Any CPU.Deploy.0 = Release|Any CPU
		{C0BF32A7-7881-4CF5-86B8-3398E865CB11}.Ad-Hoc|ARM.ActiveCfg = Release|ARM
		{C0BF32A7-7881-4CF5-86B8-3398E865CB11}.Ad-Hoc|ARM.Build.0 = Release|ARM
		{C0BF32A7-7881-4CF5-86B8-3398E865CB11}.Ad-Hoc|ARM.Deploy.0 = Release|ARM
		{C0BF32A7-7881-4CF5-86B8-3398E865CB11}.Ad-Hoc|iPhone.ActiveCfg = Release|Any CPU
		{C0BF32A7-7881-4CF5-86B8-3398E865CB11}.Ad-Hoc|iPhone.Build.0 = Release|Any CPU
		{C0BF32A7-7881-4CF5-86B8-3398E865CB11}.Ad-Hoc|iPhone.Deploy.0 = Release|Any CPU
		{C0BF32A7-7881-4CF5-86B8-3398E865CB11}.Ad-Hoc|iPhoneSimulator.ActiveCfg = Release|Any CPU
		{C0BF32A7-7881-4CF5-86B8-3398E865CB11}.Ad-Hoc|iPhoneSimulator.Build.0 = Release|Any CPU
		{C0BF32A7-7881-4CF5-86B8-3398E865CB11}.Ad-Hoc|iPhoneSimulator.Deploy.0 = Release|Any CPU
		{C0BF32A7-7881-4CF5-86B8-3398E865CB11}.Ad-Hoc|x64.ActiveCfg = Release|x64
		{C0BF32A7-7881-4CF5-86B8-3398E865CB11}.Ad-Hoc|x64.Build.0 = Release|x64
		{C0BF32A7-7881-4CF5-86B8-3398E865CB11}.Ad-Hoc|x64.Deploy.0 = Release|x64
		{C0BF32A7-7881-4CF5-86B8-3398E865CB11}.Ad-Hoc|x86.ActiveCfg = Release|x86
		{C0BF32A7-7881-4CF5-86B8-3398E865CB11}.Ad-Hoc|x86.Build.0 = Release|x86
		{C0BF32A7-7881-4CF5-86B8-3398E865CB11}.Ad-Hoc|x86.Deploy.0 = Release|x86
		{C0BF32A7-7881-4CF5-86B8-3398E865CB11}.AppStore|Any CPU.ActiveCfg = Release|Any CPU
		{C0BF32A7-7881-4CF5-86B8-3398E865CB11}.AppStore|Any CPU.Build.0 = Release|Any CPU
		{C0BF32A7-7881-4CF5-86B8-3398E865CB11}.AppStore|Any CPU.Deploy.0 = Release|Any CPU
		{C0BF32A7-7881-4CF5-86B8-3398E865CB11}.AppStore|ARM.ActiveCfg = Release|ARM
		{C0BF32A7-7881-4CF5-86B8-3398E865CB11}.AppStore|ARM.Build.0 = Release|ARM
		{C0BF32A7-7881-4CF5-86B8-3398E865CB11}.AppStore|ARM.Deploy.0 = Release|ARM
		{C0BF32A7-7881-4CF5-86B8-3398E865CB11}.AppStore|iPhone.ActiveCfg = Release|Any CPU
		{C0BF32A7-7881-4CF5-86B8-3398E865CB11}.AppStore|iPhone.Build.0 = Release|Any CPU
		{C0BF32A7-7881-4CF5-86B8-3398E865CB11}.AppStore|iPhone.Deploy.0 = Release|Any CPU
		{C0BF32A7-7881-4CF5-86B8-3398E865CB11}.AppStore|iPhoneSimulator.ActiveCfg = Release|Any CPU
		{C0BF32A7-7881-4CF5-86B8-3398E865CB11}.AppStore|iPhoneSimulator.Build.0 = Release|Any CPU
		{C0BF32A7-7881-4CF5-86B8-3398E865CB11}.AppStore|iPhoneSimulator.Deploy.0 = Release|Any CPU
		{C0BF32A7-7881-4CF5-86B8-3398E865CB11}.AppStore|x64.ActiveCfg = Release|x64
		{C0BF32A7-7881-4CF5-86B8-3398E865CB11}.AppStore|x64.Build.0 = Release|x64
		{C0BF32A7-7881-4CF5-86B8-3398E865CB11}.AppStore|x64.Deploy.0 = Release|x64
		{C0BF32A7-7881-4CF5-86B8-3398E865CB11}.AppStore|x86.ActiveCfg = Release|x86
		{C0BF32A7-7881-4CF5-86B8-3398E865CB11}.AppStore|x86.Build.0 = Release|x86
		{C0BF32A7-7881-4CF5-86B8-3398E865CB11}.AppStore|x86.Deploy.0 = Release|x86
		{C0BF32A7-7881-4CF5-86B8-3398E865CB11}.Debug|Any CPU.ActiveCfg = Debug|Any CPU
		{C0BF32A7-7881-4CF5-86B8-3398E865CB11}.Debug|Any CPU.Build.0 = Debug|Any CPU
		{C0BF32A7-7881-4CF5-86B8-3398E865CB11}.Debug|Any CPU.Deploy.0 = Debug|Any CPU
		{C0BF32A7-7881-4CF5-86B8-3398E865CB11}.Debug|ARM.ActiveCfg = Debug|ARM
		{C0BF32A7-7881-4CF5-86B8-3398E865CB11}.Debug|ARM.Build.0 = Debug|ARM
		{C0BF32A7-7881-4CF5-86B8-3398E865CB11}.Debug|ARM.Deploy.0 = Debug|ARM
		{C0BF32A7-7881-4CF5-86B8-3398E865CB11}.Debug|iPhone.ActiveCfg = Debug|Any CPU
		{C0BF32A7-7881-4CF5-86B8-3398E865CB11}.Debug|iPhone.Build.0 = Debug|Any CPU
		{C0BF32A7-7881-4CF5-86B8-3398E865CB11}.Debug|iPhone.Deploy.0 = Debug|Any CPU
		{C0BF32A7-7881-4CF5-86B8-3398E865CB11}.Debug|iPhoneSimulator.ActiveCfg = Debug|Any CPU
		{C0BF32A7-7881-4CF5-86B8-3398E865CB11}.Debug|iPhoneSimulator.Build.0 = Debug|Any CPU
		{C0BF32A7-7881-4CF5-86B8-3398E865CB11}.Debug|iPhoneSimulator.Deploy.0 = Debug|Any CPU
		{C0BF32A7-7881-4CF5-86B8-3398E865CB11}.Debug|x64.ActiveCfg = Debug|x64
		{C0BF32A7-7881-4CF5-86B8-3398E865CB11}.Debug|x64.Build.0 = Debug|x64
		{C0BF32A7-7881-4CF5-86B8-3398E865CB11}.Debug|x64.Deploy.0 = Debug|x64
		{C0BF32A7-7881-4CF5-86B8-3398E865CB11}.Debug|x86.ActiveCfg = Debug|x86
		{C0BF32A7-7881-4CF5-86B8-3398E865CB11}.Debug|x86.Build.0 = Debug|x86
		{C0BF32A7-7881-4CF5-86B8-3398E865CB11}.Debug|x86.Deploy.0 = Debug|x86
		{C0BF32A7-7881-4CF5-86B8-3398E865CB11}.Release|Any CPU.ActiveCfg = Release|Any CPU
		{C0BF32A7-7881-4CF5-86B8-3398E865CB11}.Release|Any CPU.Build.0 = Release|Any CPU
		{C0BF32A7-7881-4CF5-86B8-3398E865CB11}.Release|Any CPU.Deploy.0 = Release|Any CPU
		{C0BF32A7-7881-4CF5-86B8-3398E865CB11}.Release|ARM.ActiveCfg = Release|ARM
		{C0BF32A7-7881-4CF5-86B8-3398E865CB11}.Release|ARM.Build.0 = Release|ARM
		{C0BF32A7-7881-4CF5-86B8-3398E865CB11}.Release|ARM.Deploy.0 = Release|ARM
		{C0BF32A7-7881-4CF5-86B8-3398E865CB11}.Release|iPhone.ActiveCfg = Release|Any CPU
		{C0BF32A7-7881-4CF5-86B8-3398E865CB11}.Release|iPhone.Build.0 = Release|Any CPU
		{C0BF32A7-7881-4CF5-86B8-3398E865CB11}.Release|iPhone.Deploy.0 = Release|Any CPU
		{C0BF32A7-7881-4CF5-86B8-3398E865CB11}.Release|iPhoneSimulator.ActiveCfg = Release|Any CPU
		{C0BF32A7-7881-4CF5-86B8-3398E865CB11}.Release|iPhoneSimulator.Build.0 = Release|Any CPU
		{C0BF32A7-7881-4CF5-86B8-3398E865CB11}.Release|iPhoneSimulator.Deploy.0 = Release|Any CPU
		{C0BF32A7-7881-4CF5-86B8-3398E865CB11}.Release|x64.ActiveCfg = Release|x64
		{C0BF32A7-7881-4CF5-86B8-3398E865CB11}.Release|x64.Build.0 = Release|x64
		{C0BF32A7-7881-4CF5-86B8-3398E865CB11}.Release|x64.Deploy.0 = Release|x64
		{C0BF32A7-7881-4CF5-86B8-3398E865CB11}.Release|x86.ActiveCfg = Release|x86
		{C0BF32A7-7881-4CF5-86B8-3398E865CB11}.Release|x86.Build.0 = Release|x86
		{C0BF32A7-7881-4CF5-86B8-3398E865CB11}.Release|x86.Deploy.0 = Release|x86
	EndGlobalSection
	GlobalSection(SolutionProperties) = preSolution
		HideSolutionNode = FALSE
	EndGlobalSection
EndGlobal
